// !$*UTF8*$!
{
	archiveVersion = 1;
	classes = {
	};
	objectVersion = 51;
	objects = {

/* Begin PBXBuildFile section */
		23AA492E3712322FB0841AE8 /* Pods_Quran_and_Namaz.framework in Frameworks */ = {isa = PBXBuildFile; fileRef = 9EA4FA3FC8AF25F228A0FAAE /* Pods_Quran_and_Namaz.framework */; };
		879D5682440DBBE790E9D0DA /* Pods_Quran_and_NamazTests.framework in Frameworks */ = {isa = PBXBuildFile; fileRef = 00653D190B92CB1ABF518E8E /* Pods_Quran_and_NamazTests.framework */; };
		BE893608D60CE956389C558C /* Pods_Quran_and_Namaz_Quran_and_NamazUITests.framework in Frameworks */ = {isa = PBXBuildFile; fileRef = A1DC912F2AE5890C97A7A495 /* Pods_Quran_and_Namaz_Quran_and_NamazUITests.framework */; };
		CE1DA1AD25B7F6DB002A6FEF /* QiblaDirectionManager.swift in Sources */ = {isa = PBXBuildFile; fileRef = CE1DA1AC25B7F6DB002A6FEF /* QiblaDirectionManager.swift */; };
		CE1DA1B325B7FB23002A6FEF /* ThirdViewController.swift in Sources */ = {isa = PBXBuildFile; fileRef = CE1DA1B225B7FB23002A6FEF /* ThirdViewController.swift */; };
		CE52558625AEBE3F004D737B /* MapKit.framework in Frameworks */ = {isa = PBXBuildFile; fileRef = CE52558525AEBE3F004D737B /* MapKit.framework */; };
		CE6B75B925AD906B00BD45B9 /* MyTabBarController.swift in Sources */ = {isa = PBXBuildFile; fileRef = CE6B75B825AD906B00BD45B9 /* MyTabBarController.swift */; };
		CE7AAD5125B03C0600EC8036 /* CalculationCountryMap.swift in Sources */ = {isa = PBXBuildFile; fileRef = CE7AAD5025B03C0600EC8036 /* CalculationCountryMap.swift */; };
		D804F47125AC2F760030C60B /* WidgetKit.framework in Frameworks */ = {isa = PBXBuildFile; fileRef = D804F47025AC2F760030C60B /* WidgetKit.framework */; };
		D804F47325AC2F760030C60B /* SwiftUI.framework in Frameworks */ = {isa = PBXBuildFile; fileRef = D804F47225AC2F760030C60B /* SwiftUI.framework */; };
		D804F47625AC2F760030C60B /* WidgetExtension.swift in Sources */ = {isa = PBXBuildFile; fileRef = D804F47525AC2F760030C60B /* WidgetExtension.swift */; };
		D804F47925AC2F770030C60B /* Assets.xcassets in Resources */ = {isa = PBXBuildFile; fileRef = D804F47825AC2F770030C60B /* Assets.xcassets */; };
		D804F47B25AC2F770030C60B /* WidgetExtension.intentdefinition in Sources */ = {isa = PBXBuildFile; fileRef = D804F47725AC2F760030C60B /* WidgetExtension.intentdefinition */; };
		D804F47C25AC2F770030C60B /* WidgetExtension.intentdefinition in Sources */ = {isa = PBXBuildFile; fileRef = D804F47725AC2F760030C60B /* WidgetExtension.intentdefinition */; };
		D804F47F25AC2F770030C60B /* WidgetExtensionExtension.appex in Embed App Extensions */ = {isa = PBXBuildFile; fileRef = D804F46E25AC2F760030C60B /* WidgetExtensionExtension.appex */; settings = {ATTRIBUTES = (RemoveHeadersOnCopy, ); }; };
		D80FCB8525A4DDDB00512A84 /* ToolbarControl.swift in Sources */ = {isa = PBXBuildFile; fileRef = D80FCB8425A4DDDB00512A84 /* ToolbarControl.swift */; };
		D80FCB8F25A60F9200512A84 /* SearchViewController.swift in Sources */ = {isa = PBXBuildFile; fileRef = D80FCB8E25A60F9200512A84 /* SearchViewController.swift */; };
		D80FCB9725A65BA800512A84 /* CustomSearchController.swift in Sources */ = {isa = PBXBuildFile; fileRef = D80FCB9625A65BA800512A84 /* CustomSearchController.swift */; };
		D80FCBA725A65BF100512A84 /* CustomSearchBar.swift in Sources */ = {isa = PBXBuildFile; fileRef = D80FCBA625A65BF100512A84 /* CustomSearchBar.swift */; };
		D80FCBAF25A6FB0900512A84 /* citiesMap.json in Resources */ = {isa = PBXBuildFile; fileRef = D80FCBAE25A6FB0900512A84 /* citiesMap.json */; };
		D831DAF72510A6590026AF1A /* LocationManager.swift in Sources */ = {isa = PBXBuildFile; fileRef = D831DAF62510A6590026AF1A /* LocationManager.swift */; };
		D831DAF92510A6830026AF1A /* Astronomical.swift in Sources */ = {isa = PBXBuildFile; fileRef = D831DAF82510A6830026AF1A /* Astronomical.swift */; };
		D831DAFB2510A6990026AF1A /* SolarCoordinates.swift in Sources */ = {isa = PBXBuildFile; fileRef = D831DAFA2510A6990026AF1A /* SolarCoordinates.swift */; };
		D831DAFD2510A6AE0026AF1A /* SolarTime.swift in Sources */ = {isa = PBXBuildFile; fileRef = D831DAFC2510A6AE0026AF1A /* SolarTime.swift */; };
		D831DAFF2510A76D0026AF1A /* DateUtilities.swift in Sources */ = {isa = PBXBuildFile; fileRef = D831DAFE2510A76D0026AF1A /* DateUtilities.swift */; };
		D831DB012510A77D0026AF1A /* MathUtilities.swift in Sources */ = {isa = PBXBuildFile; fileRef = D831DB002510A77D0026AF1A /* MathUtilities.swift */; };
		D831DB032510A8420026AF1A /* CalculationMethod.swift in Sources */ = {isa = PBXBuildFile; fileRef = D831DB022510A8420026AF1A /* CalculationMethod.swift */; };
		D831DB052510A85B0026AF1A /* CalculationParameters.swift in Sources */ = {isa = PBXBuildFile; fileRef = D831DB042510A85B0026AF1A /* CalculationParameters.swift */; };
		D831DB072510A8680026AF1A /* Coordinates.swift in Sources */ = {isa = PBXBuildFile; fileRef = D831DB062510A8680026AF1A /* Coordinates.swift */; };
		D831DB092510A87C0026AF1A /* HighAltitudeRule.swift in Sources */ = {isa = PBXBuildFile; fileRef = D831DB082510A87C0026AF1A /* HighAltitudeRule.swift */; };
		D831DB0B2510A88A0026AF1A /* Madhab.swift in Sources */ = {isa = PBXBuildFile; fileRef = D831DB0A2510A88A0026AF1A /* Madhab.swift */; };
		D831DB0D2510A8940026AF1A /* Prayer.swift in Sources */ = {isa = PBXBuildFile; fileRef = D831DB0C2510A8940026AF1A /* Prayer.swift */; };
		D831DB0F2510A8AD0026AF1A /* PrayerAdjustment.swift in Sources */ = {isa = PBXBuildFile; fileRef = D831DB0E2510A8AD0026AF1A /* PrayerAdjustment.swift */; };
		D831DB112510A8C00026AF1A /* Angle.swift in Sources */ = {isa = PBXBuildFile; fileRef = D831DB102510A8C00026AF1A /* Angle.swift */; };
		D831DB132510A8CD0026AF1A /* Minute.swift in Sources */ = {isa = PBXBuildFile; fileRef = D831DB122510A8CD0026AF1A /* Minute.swift */; };
		D831DB162510AEDF0026AF1A /* Adhan.swift in Sources */ = {isa = PBXBuildFile; fileRef = D831DB152510AEDF0026AF1A /* Adhan.swift */; };
		D831DB182510AF0A0026AF1A /* PrayerTimes.swift in Sources */ = {isa = PBXBuildFile; fileRef = D831DB172510AF0A0026AF1A /* PrayerTimes.swift */; };
		D831DB1A2510AF340026AF1A /* Qibla.swift in Sources */ = {isa = PBXBuildFile; fileRef = D831DB192510AF340026AF1A /* Qibla.swift */; };
		D831DB1C2510AF500026AF1A /* Sunnah.swift in Sources */ = {isa = PBXBuildFile; fileRef = D831DB1B2510AF500026AF1A /* Sunnah.swift */; };
		D831DB1E251148C60026AF1A /* CountriesDictionary.plist in Resources */ = {isa = PBXBuildFile; fileRef = D831DB1D251148C60026AF1A /* CountriesDictionary.plist */; };
		D862E45C25B8A862008CDDC1 /* MonthMetadata.swift in Sources */ = {isa = PBXBuildFile; fileRef = D862E45B25B8A862008CDDC1 /* MonthMetadata.swift */; };
		D862E46625B8A883008CDDC1 /* Day.swift in Sources */ = {isa = PBXBuildFile; fileRef = D862E46525B8A883008CDDC1 /* Day.swift */; };
		D872EC1225A21E2C0090D946 /* CustomPickerView.swift in Sources */ = {isa = PBXBuildFile; fileRef = D872EC1125A21E2C0090D946 /* CustomPickerView.swift */; };
		D8AC48DE25EEBB2A00FC6CC8 /* CalendarViewController.swift in Sources */ = {isa = PBXBuildFile; fileRef = D8AC48DD25EEBB2A00FC6CC8 /* CalendarViewController.swift */; };
		D8AC48EE25EEBEF100FC6CC8 /* DateHeader.swift in Sources */ = {isa = PBXBuildFile; fileRef = D8AC48EC25EEBEF100FC6CC8 /* DateHeader.swift */; };
		D8AC48EF25EEBEF100FC6CC8 /* DateCell.swift in Sources */ = {isa = PBXBuildFile; fileRef = D8AC48ED25EEBEF100FC6CC8 /* DateCell.swift */; };
		D8EDA34F25061DE80045C7AE /* AppDelegate.swift in Sources */ = {isa = PBXBuildFile; fileRef = D8EDA34E25061DE80045C7AE /* AppDelegate.swift */; };
		D8EDA35125061DE80045C7AE /* SceneDelegate.swift in Sources */ = {isa = PBXBuildFile; fileRef = D8EDA35025061DE80045C7AE /* SceneDelegate.swift */; };
		D8EDA35325061DE80045C7AE /* FirstViewController.swift in Sources */ = {isa = PBXBuildFile; fileRef = D8EDA35225061DE80045C7AE /* FirstViewController.swift */; };
		D8EDA35525061DE80045C7AE /* SecondViewController.swift in Sources */ = {isa = PBXBuildFile; fileRef = D8EDA35425061DE80045C7AE /* SecondViewController.swift */; };
		D8EDA35825061DE80045C7AE /* Main.storyboard in Resources */ = {isa = PBXBuildFile; fileRef = D8EDA35625061DE80045C7AE /* Main.storyboard */; };
		D8EDA35A25061DEB0045C7AE /* Assets.xcassets in Resources */ = {isa = PBXBuildFile; fileRef = D8EDA35925061DEB0045C7AE /* Assets.xcassets */; };
		D8EDA35D25061DEB0045C7AE /* LaunchScreen.storyboard in Resources */ = {isa = PBXBuildFile; fileRef = D8EDA35B25061DEB0045C7AE /* LaunchScreen.storyboard */; };
		D8EDA36825061DEB0045C7AE /* Quran_and_NamazTests.swift in Sources */ = {isa = PBXBuildFile; fileRef = D8EDA36725061DEB0045C7AE /* Quran_and_NamazTests.swift */; };
		D8EDA37325061DEB0045C7AE /* Quran_and_NamazUITests.swift in Sources */ = {isa = PBXBuildFile; fileRef = D8EDA37225061DEB0045C7AE /* Quran_and_NamazUITests.swift */; };
		F915CE2DFEDEDE6FA92917B1 /* Pods_WidgetExtensionExtension.framework in Frameworks */ = {isa = PBXBuildFile; fileRef = E46A1A1750F44D2B1F9FE8A8 /* Pods_WidgetExtensionExtension.framework */; };
/* End PBXBuildFile section */

/* Begin PBXContainerItemProxy section */
		D804F47D25AC2F770030C60B /* PBXContainerItemProxy */ = {
			isa = PBXContainerItemProxy;
			containerPortal = D8EDA34325061DE80045C7AE /* Project object */;
			proxyType = 1;
			remoteGlobalIDString = D804F46D25AC2F760030C60B;
			remoteInfo = WidgetExtensionExtension;
		};
		D8EDA36425061DEB0045C7AE /* PBXContainerItemProxy */ = {
			isa = PBXContainerItemProxy;
			containerPortal = D8EDA34325061DE80045C7AE /* Project object */;
			proxyType = 1;
			remoteGlobalIDString = D8EDA34A25061DE80045C7AE;
			remoteInfo = "Quran and Namaz";
		};
		D8EDA36F25061DEB0045C7AE /* PBXContainerItemProxy */ = {
			isa = PBXContainerItemProxy;
			containerPortal = D8EDA34325061DE80045C7AE /* Project object */;
			proxyType = 1;
			remoteGlobalIDString = D8EDA34A25061DE80045C7AE;
			remoteInfo = "Quran and Namaz";
		};
/* End PBXContainerItemProxy section */

/* Begin PBXCopyFilesBuildPhase section */
		D804F48025AC2F770030C60B /* Embed App Extensions */ = {
			isa = PBXCopyFilesBuildPhase;
			buildActionMask = 2147483647;
			dstPath = "";
			dstSubfolderSpec = 13;
			files = (
				D804F47F25AC2F770030C60B /* WidgetExtensionExtension.appex in Embed App Extensions */,
			);
			name = "Embed App Extensions";
			runOnlyForDeploymentPostprocessing = 0;
		};
/* End PBXCopyFilesBuildPhase section */

/* Begin PBXFileReference section */
		00653D190B92CB1ABF518E8E /* Pods_Quran_and_NamazTests.framework */ = {isa = PBXFileReference; explicitFileType = wrapper.framework; includeInIndex = 0; path = Pods_Quran_and_NamazTests.framework; sourceTree = BUILT_PRODUCTS_DIR; };
		0855CB0FC60A587E1A3BDAE8 /* Pods-Quran and Namaz-Quran and NamazUITests.release.xcconfig */ = {isa = PBXFileReference; includeInIndex = 1; lastKnownFileType = text.xcconfig; name = "Pods-Quran and Namaz-Quran and NamazUITests.release.xcconfig"; path = "Target Support Files/Pods-Quran and Namaz-Quran and NamazUITests/Pods-Quran and Namaz-Quran and NamazUITests.release.xcconfig"; sourceTree = "<group>"; };
		151ABD26930E25CB5ECBF922 /* Pods-WidgetExtensionExtension.debug.xcconfig */ = {isa = PBXFileReference; includeInIndex = 1; lastKnownFileType = text.xcconfig; name = "Pods-WidgetExtensionExtension.debug.xcconfig"; path = "Target Support Files/Pods-WidgetExtensionExtension/Pods-WidgetExtensionExtension.debug.xcconfig"; sourceTree = "<group>"; };
		3D2E5DB74C3220332DEC2071 /* Pods-Quran and NamazTests.debug.xcconfig */ = {isa = PBXFileReference; includeInIndex = 1; lastKnownFileType = text.xcconfig; name = "Pods-Quran and NamazTests.debug.xcconfig"; path = "Target Support Files/Pods-Quran and NamazTests/Pods-Quran and NamazTests.debug.xcconfig"; sourceTree = "<group>"; };
		6AB8E0964422D81D791BA667 /* Pods-Quran and Namaz.debug.xcconfig */ = {isa = PBXFileReference; includeInIndex = 1; lastKnownFileType = text.xcconfig; name = "Pods-Quran and Namaz.debug.xcconfig"; path = "Target Support Files/Pods-Quran and Namaz/Pods-Quran and Namaz.debug.xcconfig"; sourceTree = "<group>"; };
		7875579B96F888ADE50CB1A6 /* Pods-Quran and Namaz-Quran and NamazUITests.debug.xcconfig */ = {isa = PBXFileReference; includeInIndex = 1; lastKnownFileType = text.xcconfig; name = "Pods-Quran and Namaz-Quran and NamazUITests.debug.xcconfig"; path = "Target Support Files/Pods-Quran and Namaz-Quran and NamazUITests/Pods-Quran and Namaz-Quran and NamazUITests.debug.xcconfig"; sourceTree = "<group>"; };
		9EA4FA3FC8AF25F228A0FAAE /* Pods_Quran_and_Namaz.framework */ = {isa = PBXFileReference; explicitFileType = wrapper.framework; includeInIndex = 0; path = Pods_Quran_and_Namaz.framework; sourceTree = BUILT_PRODUCTS_DIR; };
		A1DC912F2AE5890C97A7A495 /* Pods_Quran_and_Namaz_Quran_and_NamazUITests.framework */ = {isa = PBXFileReference; explicitFileType = wrapper.framework; includeInIndex = 0; path = Pods_Quran_and_Namaz_Quran_and_NamazUITests.framework; sourceTree = BUILT_PRODUCTS_DIR; };
		BBD11B734C872AFE443C2A9F /* Pods-Quran and Namaz.release.xcconfig */ = {isa = PBXFileReference; includeInIndex = 1; lastKnownFileType = text.xcconfig; name = "Pods-Quran and Namaz.release.xcconfig"; path = "Target Support Files/Pods-Quran and Namaz/Pods-Quran and Namaz.release.xcconfig"; sourceTree = "<group>"; };
		CE1DA1AC25B7F6DB002A6FEF /* QiblaDirectionManager.swift */ = {isa = PBXFileReference; lastKnownFileType = sourcecode.swift; path = QiblaDirectionManager.swift; sourceTree = "<group>"; };
		CE1DA1B225B7FB23002A6FEF /* ThirdViewController.swift */ = {isa = PBXFileReference; lastKnownFileType = sourcecode.swift; path = ThirdViewController.swift; sourceTree = "<group>"; };
		CE52558525AEBE3F004D737B /* MapKit.framework */ = {isa = PBXFileReference; lastKnownFileType = wrapper.framework; name = MapKit.framework; path = System/Library/Frameworks/MapKit.framework; sourceTree = SDKROOT; };
		CE52558725AEBE4D004D737B /* Quran and Namaz.entitlements */ = {isa = PBXFileReference; lastKnownFileType = text.plist.entitlements; path = "Quran and Namaz.entitlements"; sourceTree = "<group>"; };
		CE6B75B825AD906B00BD45B9 /* MyTabBarController.swift */ = {isa = PBXFileReference; lastKnownFileType = sourcecode.swift; path = MyTabBarController.swift; sourceTree = "<group>"; };
		CE7AAD5025B03C0600EC8036 /* CalculationCountryMap.swift */ = {isa = PBXFileReference; lastKnownFileType = sourcecode.swift; path = CalculationCountryMap.swift; sourceTree = "<group>"; };
		D804F46E25AC2F760030C60B /* WidgetExtensionExtension.appex */ = {isa = PBXFileReference; explicitFileType = "wrapper.app-extension"; includeInIndex = 0; path = WidgetExtensionExtension.appex; sourceTree = BUILT_PRODUCTS_DIR; };
		D804F47025AC2F760030C60B /* WidgetKit.framework */ = {isa = PBXFileReference; lastKnownFileType = wrapper.framework; name = WidgetKit.framework; path = System/Library/Frameworks/WidgetKit.framework; sourceTree = SDKROOT; };
		D804F47225AC2F760030C60B /* SwiftUI.framework */ = {isa = PBXFileReference; lastKnownFileType = wrapper.framework; name = SwiftUI.framework; path = System/Library/Frameworks/SwiftUI.framework; sourceTree = SDKROOT; };
		D804F47525AC2F760030C60B /* WidgetExtension.swift */ = {isa = PBXFileReference; lastKnownFileType = sourcecode.swift; path = WidgetExtension.swift; sourceTree = "<group>"; };
		D804F47725AC2F760030C60B /* WidgetExtension.intentdefinition */ = {isa = PBXFileReference; lastKnownFileType = file.intentdefinition; path = WidgetExtension.intentdefinition; sourceTree = "<group>"; };
		D804F47825AC2F770030C60B /* Assets.xcassets */ = {isa = PBXFileReference; lastKnownFileType = folder.assetcatalog; path = Assets.xcassets; sourceTree = "<group>"; };
		D804F47A25AC2F770030C60B /* Info.plist */ = {isa = PBXFileReference; lastKnownFileType = text.plist.xml; path = Info.plist; sourceTree = "<group>"; };
		D80FCB8425A4DDDB00512A84 /* ToolbarControl.swift */ = {isa = PBXFileReference; lastKnownFileType = sourcecode.swift; path = ToolbarControl.swift; sourceTree = "<group>"; };
		D80FCB8E25A60F9200512A84 /* SearchViewController.swift */ = {isa = PBXFileReference; lastKnownFileType = sourcecode.swift; path = SearchViewController.swift; sourceTree = "<group>"; };
		D80FCB9625A65BA800512A84 /* CustomSearchController.swift */ = {isa = PBXFileReference; lastKnownFileType = sourcecode.swift; path = CustomSearchController.swift; sourceTree = "<group>"; };
		D80FCBA625A65BF100512A84 /* CustomSearchBar.swift */ = {isa = PBXFileReference; lastKnownFileType = sourcecode.swift; path = CustomSearchBar.swift; sourceTree = "<group>"; };
		D80FCBAE25A6FB0900512A84 /* citiesMap.json */ = {isa = PBXFileReference; fileEncoding = 4; lastKnownFileType = text.json; path = citiesMap.json; sourceTree = "<group>"; };
		D831DAF62510A6590026AF1A /* LocationManager.swift */ = {isa = PBXFileReference; lastKnownFileType = sourcecode.swift; path = LocationManager.swift; sourceTree = "<group>"; };
		D831DAF82510A6830026AF1A /* Astronomical.swift */ = {isa = PBXFileReference; lastKnownFileType = sourcecode.swift; path = Astronomical.swift; sourceTree = "<group>"; };
		D831DAFA2510A6990026AF1A /* SolarCoordinates.swift */ = {isa = PBXFileReference; lastKnownFileType = sourcecode.swift; path = SolarCoordinates.swift; sourceTree = "<group>"; };
		D831DAFC2510A6AE0026AF1A /* SolarTime.swift */ = {isa = PBXFileReference; lastKnownFileType = sourcecode.swift; path = SolarTime.swift; sourceTree = "<group>"; };
		D831DAFE2510A76D0026AF1A /* DateUtilities.swift */ = {isa = PBXFileReference; lastKnownFileType = sourcecode.swift; path = DateUtilities.swift; sourceTree = "<group>"; };
		D831DB002510A77D0026AF1A /* MathUtilities.swift */ = {isa = PBXFileReference; lastKnownFileType = sourcecode.swift; path = MathUtilities.swift; sourceTree = "<group>"; };
		D831DB022510A8420026AF1A /* CalculationMethod.swift */ = {isa = PBXFileReference; lastKnownFileType = sourcecode.swift; path = CalculationMethod.swift; sourceTree = "<group>"; };
		D831DB042510A85B0026AF1A /* CalculationParameters.swift */ = {isa = PBXFileReference; lastKnownFileType = sourcecode.swift; path = CalculationParameters.swift; sourceTree = "<group>"; };
		D831DB062510A8680026AF1A /* Coordinates.swift */ = {isa = PBXFileReference; lastKnownFileType = sourcecode.swift; path = Coordinates.swift; sourceTree = "<group>"; };
		D831DB082510A87C0026AF1A /* HighAltitudeRule.swift */ = {isa = PBXFileReference; lastKnownFileType = sourcecode.swift; path = HighAltitudeRule.swift; sourceTree = "<group>"; };
		D831DB0A2510A88A0026AF1A /* Madhab.swift */ = {isa = PBXFileReference; lastKnownFileType = sourcecode.swift; path = Madhab.swift; sourceTree = "<group>"; };
		D831DB0C2510A8940026AF1A /* Prayer.swift */ = {isa = PBXFileReference; lastKnownFileType = sourcecode.swift; path = Prayer.swift; sourceTree = "<group>"; };
		D831DB0E2510A8AD0026AF1A /* PrayerAdjustment.swift */ = {isa = PBXFileReference; lastKnownFileType = sourcecode.swift; path = PrayerAdjustment.swift; sourceTree = "<group>"; };
		D831DB102510A8C00026AF1A /* Angle.swift */ = {isa = PBXFileReference; lastKnownFileType = sourcecode.swift; path = Angle.swift; sourceTree = "<group>"; };
		D831DB122510A8CD0026AF1A /* Minute.swift */ = {isa = PBXFileReference; lastKnownFileType = sourcecode.swift; path = Minute.swift; sourceTree = "<group>"; };
		D831DB152510AEDF0026AF1A /* Adhan.swift */ = {isa = PBXFileReference; lastKnownFileType = sourcecode.swift; path = Adhan.swift; sourceTree = "<group>"; };
		D831DB172510AF0A0026AF1A /* PrayerTimes.swift */ = {isa = PBXFileReference; lastKnownFileType = sourcecode.swift; path = PrayerTimes.swift; sourceTree = "<group>"; };
		D831DB192510AF340026AF1A /* Qibla.swift */ = {isa = PBXFileReference; lastKnownFileType = sourcecode.swift; path = Qibla.swift; sourceTree = "<group>"; };
		D831DB1B2510AF500026AF1A /* Sunnah.swift */ = {isa = PBXFileReference; lastKnownFileType = sourcecode.swift; path = Sunnah.swift; sourceTree = "<group>"; };
		D831DB1D251148C60026AF1A /* CountriesDictionary.plist */ = {isa = PBXFileReference; fileEncoding = 4; lastKnownFileType = text.plist.xml; path = CountriesDictionary.plist; sourceTree = "<group>"; };
		D862E45B25B8A862008CDDC1 /* MonthMetadata.swift */ = {isa = PBXFileReference; lastKnownFileType = sourcecode.swift; path = MonthMetadata.swift; sourceTree = "<group>"; };
		D862E46525B8A883008CDDC1 /* Day.swift */ = {isa = PBXFileReference; lastKnownFileType = sourcecode.swift; path = Day.swift; sourceTree = "<group>"; };
		D872EC1125A21E2C0090D946 /* CustomPickerView.swift */ = {isa = PBXFileReference; lastKnownFileType = sourcecode.swift; path = CustomPickerView.swift; sourceTree = "<group>"; };
		D8AC48DD25EEBB2A00FC6CC8 /* CalendarViewController.swift */ = {isa = PBXFileReference; lastKnownFileType = sourcecode.swift; path = CalendarViewController.swift; sourceTree = "<group>"; };
		D8AC48EC25EEBEF100FC6CC8 /* DateHeader.swift */ = {isa = PBXFileReference; fileEncoding = 4; lastKnownFileType = sourcecode.swift; path = DateHeader.swift; sourceTree = "<group>"; };
		D8AC48ED25EEBEF100FC6CC8 /* DateCell.swift */ = {isa = PBXFileReference; fileEncoding = 4; lastKnownFileType = sourcecode.swift; path = DateCell.swift; sourceTree = "<group>"; };
		D8EDA34B25061DE80045C7AE /* Quran and Namaz.app */ = {isa = PBXFileReference; explicitFileType = wrapper.application; includeInIndex = 0; path = "Quran and Namaz.app"; sourceTree = BUILT_PRODUCTS_DIR; };
		D8EDA34E25061DE80045C7AE /* AppDelegate.swift */ = {isa = PBXFileReference; lastKnownFileType = sourcecode.swift; path = AppDelegate.swift; sourceTree = "<group>"; };
		D8EDA35025061DE80045C7AE /* SceneDelegate.swift */ = {isa = PBXFileReference; lastKnownFileType = sourcecode.swift; path = SceneDelegate.swift; sourceTree = "<group>"; };
		D8EDA35225061DE80045C7AE /* FirstViewController.swift */ = {isa = PBXFileReference; lastKnownFileType = sourcecode.swift; path = FirstViewController.swift; sourceTree = "<group>"; };
		D8EDA35425061DE80045C7AE /* SecondViewController.swift */ = {isa = PBXFileReference; lastKnownFileType = sourcecode.swift; path = SecondViewController.swift; sourceTree = "<group>"; };
		D8EDA35725061DE80045C7AE /* Base */ = {isa = PBXFileReference; lastKnownFileType = file.storyboard; name = Base; path = Base.lproj/Main.storyboard; sourceTree = "<group>"; };
		D8EDA35925061DEB0045C7AE /* Assets.xcassets */ = {isa = PBXFileReference; lastKnownFileType = folder.assetcatalog; path = Assets.xcassets; sourceTree = "<group>"; };
		D8EDA35C25061DEB0045C7AE /* Base */ = {isa = PBXFileReference; lastKnownFileType = file.storyboard; name = Base; path = Base.lproj/LaunchScreen.storyboard; sourceTree = "<group>"; };
		D8EDA35E25061DEB0045C7AE /* Info.plist */ = {isa = PBXFileReference; lastKnownFileType = text.plist.xml; path = Info.plist; sourceTree = "<group>"; };
		D8EDA36325061DEB0045C7AE /* Quran and NamazTests.xctest */ = {isa = PBXFileReference; explicitFileType = wrapper.cfbundle; includeInIndex = 0; path = "Quran and NamazTests.xctest"; sourceTree = BUILT_PRODUCTS_DIR; };
		D8EDA36725061DEB0045C7AE /* Quran_and_NamazTests.swift */ = {isa = PBXFileReference; lastKnownFileType = sourcecode.swift; path = Quran_and_NamazTests.swift; sourceTree = "<group>"; };
		D8EDA36925061DEB0045C7AE /* Info.plist */ = {isa = PBXFileReference; lastKnownFileType = text.plist.xml; path = Info.plist; sourceTree = "<group>"; };
		D8EDA36E25061DEB0045C7AE /* Quran and NamazUITests.xctest */ = {isa = PBXFileReference; explicitFileType = wrapper.cfbundle; includeInIndex = 0; path = "Quran and NamazUITests.xctest"; sourceTree = BUILT_PRODUCTS_DIR; };
		D8EDA37225061DEB0045C7AE /* Quran_and_NamazUITests.swift */ = {isa = PBXFileReference; lastKnownFileType = sourcecode.swift; path = Quran_and_NamazUITests.swift; sourceTree = "<group>"; };
		D8EDA37425061DEB0045C7AE /* Info.plist */ = {isa = PBXFileReference; lastKnownFileType = text.plist.xml; path = Info.plist; sourceTree = "<group>"; };
		E15163DF6AC82E70AED2D765 /* Pods-Quran and NamazTests.release.xcconfig */ = {isa = PBXFileReference; includeInIndex = 1; lastKnownFileType = text.xcconfig; name = "Pods-Quran and NamazTests.release.xcconfig"; path = "Target Support Files/Pods-Quran and NamazTests/Pods-Quran and NamazTests.release.xcconfig"; sourceTree = "<group>"; };
		E46A1A1750F44D2B1F9FE8A8 /* Pods_WidgetExtensionExtension.framework */ = {isa = PBXFileReference; explicitFileType = wrapper.framework; includeInIndex = 0; path = Pods_WidgetExtensionExtension.framework; sourceTree = BUILT_PRODUCTS_DIR; };
		FF25B8A13B0636C428C6C4A3 /* Pods-WidgetExtensionExtension.release.xcconfig */ = {isa = PBXFileReference; includeInIndex = 1; lastKnownFileType = text.xcconfig; name = "Pods-WidgetExtensionExtension.release.xcconfig"; path = "Target Support Files/Pods-WidgetExtensionExtension/Pods-WidgetExtensionExtension.release.xcconfig"; sourceTree = "<group>"; };
/* End PBXFileReference section */

/* Begin PBXFrameworksBuildPhase section */
		D804F46B25AC2F760030C60B /* Frameworks */ = {
			isa = PBXFrameworksBuildPhase;
			buildActionMask = 2147483647;
			files = (
				D804F47325AC2F760030C60B /* SwiftUI.framework in Frameworks */,
				D804F47125AC2F760030C60B /* WidgetKit.framework in Frameworks */,
				F915CE2DFEDEDE6FA92917B1 /* Pods_WidgetExtensionExtension.framework in Frameworks */,
			);
			runOnlyForDeploymentPostprocessing = 0;
		};
		D8EDA34825061DE80045C7AE /* Frameworks */ = {
			isa = PBXFrameworksBuildPhase;
			buildActionMask = 2147483647;
			files = (
				CE52558625AEBE3F004D737B /* MapKit.framework in Frameworks */,
				23AA492E3712322FB0841AE8 /* Pods_Quran_and_Namaz.framework in Frameworks */,
			);
			runOnlyForDeploymentPostprocessing = 0;
		};
		D8EDA36025061DEB0045C7AE /* Frameworks */ = {
			isa = PBXFrameworksBuildPhase;
			buildActionMask = 2147483647;
			files = (
				879D5682440DBBE790E9D0DA /* Pods_Quran_and_NamazTests.framework in Frameworks */,
			);
			runOnlyForDeploymentPostprocessing = 0;
		};
		D8EDA36B25061DEB0045C7AE /* Frameworks */ = {
			isa = PBXFrameworksBuildPhase;
			buildActionMask = 2147483647;
			files = (
				BE893608D60CE956389C558C /* Pods_Quran_and_Namaz_Quran_and_NamazUITests.framework in Frameworks */,
			);
			runOnlyForDeploymentPostprocessing = 0;
		};
/* End PBXFrameworksBuildPhase section */

/* Begin PBXGroup section */
		28125BC5A2D247E20A9FE6CF /* Pods */ = {
			isa = PBXGroup;
			children = (
				6AB8E0964422D81D791BA667 /* Pods-Quran and Namaz.debug.xcconfig */,
				BBD11B734C872AFE443C2A9F /* Pods-Quran and Namaz.release.xcconfig */,
				7875579B96F888ADE50CB1A6 /* Pods-Quran and Namaz-Quran and NamazUITests.debug.xcconfig */,
				0855CB0FC60A587E1A3BDAE8 /* Pods-Quran and Namaz-Quran and NamazUITests.release.xcconfig */,
				3D2E5DB74C3220332DEC2071 /* Pods-Quran and NamazTests.debug.xcconfig */,
				E15163DF6AC82E70AED2D765 /* Pods-Quran and NamazTests.release.xcconfig */,
				151ABD26930E25CB5ECBF922 /* Pods-WidgetExtensionExtension.debug.xcconfig */,
				FF25B8A13B0636C428C6C4A3 /* Pods-WidgetExtensionExtension.release.xcconfig */,
			);
			path = Pods;
			sourceTree = "<group>";
		};
		D804F46F25AC2F760030C60B /* Frameworks */ = {
			isa = PBXGroup;
			children = (
				CE52558525AEBE3F004D737B /* MapKit.framework */,
				D804F47025AC2F760030C60B /* WidgetKit.framework */,
				D804F47225AC2F760030C60B /* SwiftUI.framework */,
				9EA4FA3FC8AF25F228A0FAAE /* Pods_Quran_and_Namaz.framework */,
				A1DC912F2AE5890C97A7A495 /* Pods_Quran_and_Namaz_Quran_and_NamazUITests.framework */,
				00653D190B92CB1ABF518E8E /* Pods_Quran_and_NamazTests.framework */,
				E46A1A1750F44D2B1F9FE8A8 /* Pods_WidgetExtensionExtension.framework */,
			);
			name = Frameworks;
			sourceTree = "<group>";
		};
		D804F47425AC2F760030C60B /* WidgetExtension */ = {
			isa = PBXGroup;
			children = (
				D804F47525AC2F760030C60B /* WidgetExtension.swift */,
				D804F47725AC2F760030C60B /* WidgetExtension.intentdefinition */,
				D804F47825AC2F770030C60B /* Assets.xcassets */,
				D804F47A25AC2F770030C60B /* Info.plist */,
			);
			path = WidgetExtension;
			sourceTree = "<group>";
		};
		D831DB142510AEB20026AF1A /* Prayer */ = {
			isa = PBXGroup;
			children = (
				D831DB152510AEDF0026AF1A /* Adhan.swift */,
				D831DB172510AF0A0026AF1A /* PrayerTimes.swift */,
				D831DB192510AF340026AF1A /* Qibla.swift */,
				D831DB1B2510AF500026AF1A /* Sunnah.swift */,
			);
			path = Prayer;
			sourceTree = "<group>";
		};
		D862E44F25B8A78E008CDDC1 /* CalendarPicker */ = {
			isa = PBXGroup;
			children = (
				D8AC48ED25EEBEF100FC6CC8 /* DateCell.swift */,
				D8AC48EC25EEBEF100FC6CC8 /* DateHeader.swift */,
				D8AC48DD25EEBB2A00FC6CC8 /* CalendarViewController.swift */,
			);
			path = CalendarPicker;
			sourceTree = "<group>";
		};
		D862E45A25B8A83D008CDDC1 /* Model */ = {
			isa = PBXGroup;
			children = (
				D862E45B25B8A862008CDDC1 /* MonthMetadata.swift */,
				D862E46525B8A883008CDDC1 /* Day.swift */,
			);
			path = Model;
			sourceTree = "<group>";
		};
		D8EDA34225061DE80045C7AE = {
			isa = PBXGroup;
			children = (
				D8EDA34D25061DE80045C7AE /* Quran and Namaz */,
				D8EDA36625061DEB0045C7AE /* Quran and NamazTests */,
				D8EDA37125061DEB0045C7AE /* Quran and NamazUITests */,
				D804F47425AC2F760030C60B /* WidgetExtension */,
				D804F46F25AC2F760030C60B /* Frameworks */,
				D8EDA34C25061DE80045C7AE /* Products */,
				28125BC5A2D247E20A9FE6CF /* Pods */,
			);
			sourceTree = "<group>";
		};
		D8EDA34C25061DE80045C7AE /* Products */ = {
			isa = PBXGroup;
			children = (
				D8EDA34B25061DE80045C7AE /* Quran and Namaz.app */,
				D8EDA36325061DEB0045C7AE /* Quran and NamazTests.xctest */,
				D8EDA36E25061DEB0045C7AE /* Quran and NamazUITests.xctest */,
				D804F46E25AC2F760030C60B /* WidgetExtensionExtension.appex */,
			);
			name = Products;
			sourceTree = "<group>";
		};
		D8EDA34D25061DE80045C7AE /* Quran and Namaz */ = {
			isa = PBXGroup;
			children = (
				D862E45A25B8A83D008CDDC1 /* Model */,
				D862E44F25B8A78E008CDDC1 /* CalendarPicker */,
				CE52558725AEBE4D004D737B /* Quran and Namaz.entitlements */,
				D80FCBAE25A6FB0900512A84 /* citiesMap.json */,
				D831DB1D251148C60026AF1A /* CountriesDictionary.plist */,
				D831DB142510AEB20026AF1A /* Prayer */,
				D8FBD2A2250F8507002AA2E6 /* Utilities */,
				D8EDA34E25061DE80045C7AE /* AppDelegate.swift */,
				D872EC1125A21E2C0090D946 /* CustomPickerView.swift */,
				D8EDA35025061DE80045C7AE /* SceneDelegate.swift */,
				D8EDA35225061DE80045C7AE /* FirstViewController.swift */,
				D8EDA35425061DE80045C7AE /* SecondViewController.swift */,
				CE1DA1B225B7FB23002A6FEF /* ThirdViewController.swift */,
				D80FCB8E25A60F9200512A84 /* SearchViewController.swift */,
				D80FCB8425A4DDDB00512A84 /* ToolbarControl.swift */,
				D80FCBA625A65BF100512A84 /* CustomSearchBar.swift */,
				D80FCB9625A65BA800512A84 /* CustomSearchController.swift */,
				CE6B75B825AD906B00BD45B9 /* MyTabBarController.swift */,
				D8EDA35625061DE80045C7AE /* Main.storyboard */,
				D8EDA35925061DEB0045C7AE /* Assets.xcassets */,
				D8EDA35B25061DEB0045C7AE /* LaunchScreen.storyboard */,
				D8EDA35E25061DEB0045C7AE /* Info.plist */,
			);
			path = "Quran and Namaz";
			sourceTree = "<group>";
		};
		D8EDA36625061DEB0045C7AE /* Quran and NamazTests */ = {
			isa = PBXGroup;
			children = (
				D8EDA36725061DEB0045C7AE /* Quran_and_NamazTests.swift */,
				D8EDA36925061DEB0045C7AE /* Info.plist */,
			);
			path = "Quran and NamazTests";
			sourceTree = "<group>";
		};
		D8EDA37125061DEB0045C7AE /* Quran and NamazUITests */ = {
			isa = PBXGroup;
			children = (
				D8EDA37225061DEB0045C7AE /* Quran_and_NamazUITests.swift */,
				D8EDA37425061DEB0045C7AE /* Info.plist */,
			);
			path = "Quran and NamazUITests";
			sourceTree = "<group>";
		};
		D8FBD2A2250F8507002AA2E6 /* Utilities */ = {
			isa = PBXGroup;
			children = (
				D831DAF62510A6590026AF1A /* LocationManager.swift */,
				D831DAF82510A6830026AF1A /* Astronomical.swift */,
				D831DAFA2510A6990026AF1A /* SolarCoordinates.swift */,
				D831DAFC2510A6AE0026AF1A /* SolarTime.swift */,
				D831DAFE2510A76D0026AF1A /* DateUtilities.swift */,
				D831DB002510A77D0026AF1A /* MathUtilities.swift */,
				D831DB022510A8420026AF1A /* CalculationMethod.swift */,
				D831DB042510A85B0026AF1A /* CalculationParameters.swift */,
				D831DB062510A8680026AF1A /* Coordinates.swift */,
				D831DB082510A87C0026AF1A /* HighAltitudeRule.swift */,
				D831DB0A2510A88A0026AF1A /* Madhab.swift */,
				D831DB0C2510A8940026AF1A /* Prayer.swift */,
				D831DB0E2510A8AD0026AF1A /* PrayerAdjustment.swift */,
				D831DB102510A8C00026AF1A /* Angle.swift */,
				D831DB122510A8CD0026AF1A /* Minute.swift */,
				CE7AAD5025B03C0600EC8036 /* CalculationCountryMap.swift */,
				CE1DA1AC25B7F6DB002A6FEF /* QiblaDirectionManager.swift */,
			);
			path = Utilities;
			sourceTree = "<group>";
		};
/* End PBXGroup section */

/* Begin PBXNativeTarget section */
		D804F46D25AC2F760030C60B /* WidgetExtensionExtension */ = {
			isa = PBXNativeTarget;
			buildConfigurationList = D804F48325AC2F770030C60B /* Build configuration list for PBXNativeTarget "WidgetExtensionExtension" */;
			buildPhases = (
				EC7557466980059C2A9396C7 /* [CP] Check Pods Manifest.lock */,
				D804F46A25AC2F760030C60B /* Sources */,
				D804F46B25AC2F760030C60B /* Frameworks */,
				D804F46C25AC2F760030C60B /* Resources */,
			);
			buildRules = (
			);
			dependencies = (
			);
			name = WidgetExtensionExtension;
			productName = WidgetExtensionExtension;
			productReference = D804F46E25AC2F760030C60B /* WidgetExtensionExtension.appex */;
			productType = "com.apple.product-type.app-extension";
		};
		D8EDA34A25061DE80045C7AE /* Quran and Namaz */ = {
			isa = PBXNativeTarget;
			buildConfigurationList = D8EDA37725061DEB0045C7AE /* Build configuration list for PBXNativeTarget "Quran and Namaz" */;
			buildPhases = (
				56CD14546B2CF90B07E2FC08 /* [CP] Check Pods Manifest.lock */,
				D8EDA34725061DE80045C7AE /* Sources */,
				D8EDA34825061DE80045C7AE /* Frameworks */,
				D8EDA34925061DE80045C7AE /* Resources */,
				D804F48025AC2F770030C60B /* Embed App Extensions */,
				5A18A23BB8F8E167ABE783A8 /* [CP] Embed Pods Frameworks */,
			);
			buildRules = (
			);
			dependencies = (
				D804F47E25AC2F770030C60B /* PBXTargetDependency */,
			);
			name = "Quran and Namaz";
			productName = "Quran and Namaz";
			productReference = D8EDA34B25061DE80045C7AE /* Quran and Namaz.app */;
			productType = "com.apple.product-type.application";
		};
		D8EDA36225061DEB0045C7AE /* Quran and NamazTests */ = {
			isa = PBXNativeTarget;
			buildConfigurationList = D8EDA37A25061DEB0045C7AE /* Build configuration list for PBXNativeTarget "Quran and NamazTests" */;
			buildPhases = (
				E75A9F0ECF037B12F9F35BFB /* [CP] Check Pods Manifest.lock */,
				D8EDA35F25061DEB0045C7AE /* Sources */,
				D8EDA36025061DEB0045C7AE /* Frameworks */,
				D8EDA36125061DEB0045C7AE /* Resources */,
			);
			buildRules = (
			);
			dependencies = (
				D8EDA36525061DEB0045C7AE /* PBXTargetDependency */,
			);
			name = "Quran and NamazTests";
			productName = "Quran and NamazTests";
			productReference = D8EDA36325061DEB0045C7AE /* Quran and NamazTests.xctest */;
			productType = "com.apple.product-type.bundle.unit-test";
		};
		D8EDA36D25061DEB0045C7AE /* Quran and NamazUITests */ = {
			isa = PBXNativeTarget;
			buildConfigurationList = D8EDA37D25061DEB0045C7AE /* Build configuration list for PBXNativeTarget "Quran and NamazUITests" */;
			buildPhases = (
				919AEBC5F486CFC2EAFA8F99 /* [CP] Check Pods Manifest.lock */,
				D8EDA36A25061DEB0045C7AE /* Sources */,
				D8EDA36B25061DEB0045C7AE /* Frameworks */,
				D8EDA36C25061DEB0045C7AE /* Resources */,
				DE32705F6EBFDA9052CD4650 /* [CP] Embed Pods Frameworks */,
			);
			buildRules = (
			);
			dependencies = (
				D8EDA37025061DEB0045C7AE /* PBXTargetDependency */,
			);
			name = "Quran and NamazUITests";
			productName = "Quran and NamazUITests";
			productReference = D8EDA36E25061DEB0045C7AE /* Quran and NamazUITests.xctest */;
			productType = "com.apple.product-type.bundle.ui-testing";
		};
/* End PBXNativeTarget section */

/* Begin PBXProject section */
		D8EDA34325061DE80045C7AE /* Project object */ = {
			isa = PBXProject;
			attributes = {
				LastSwiftUpdateCheck = 1220;
				LastUpgradeCheck = 1170;
				ORGANIZATIONNAME = "Anas khurshid";
				TargetAttributes = {
					D804F46D25AC2F760030C60B = {
						CreatedOnToolsVersion = 12.2;
					};
					D8EDA34A25061DE80045C7AE = {
						CreatedOnToolsVersion = 11.7;
					};
					D8EDA36225061DEB0045C7AE = {
						CreatedOnToolsVersion = 11.7;
						TestTargetID = D8EDA34A25061DE80045C7AE;
					};
					D8EDA36D25061DEB0045C7AE = {
						CreatedOnToolsVersion = 11.7;
						TestTargetID = D8EDA34A25061DE80045C7AE;
					};
				};
			};
			buildConfigurationList = D8EDA34625061DE80045C7AE /* Build configuration list for PBXProject "Quran and Namaz" */;
			compatibilityVersion = "Xcode 9.3";
			developmentRegion = en;
			hasScannedForEncodings = 0;
			knownRegions = (
				en,
				Base,
			);
			mainGroup = D8EDA34225061DE80045C7AE;
			productRefGroup = D8EDA34C25061DE80045C7AE /* Products */;
			projectDirPath = "";
			projectRoot = "";
			targets = (
				D8EDA34A25061DE80045C7AE /* Quran and Namaz */,
				D8EDA36225061DEB0045C7AE /* Quran and NamazTests */,
				D8EDA36D25061DEB0045C7AE /* Quran and NamazUITests */,
				D804F46D25AC2F760030C60B /* WidgetExtensionExtension */,
			);
		};
/* End PBXProject section */

/* Begin PBXResourcesBuildPhase section */
		D804F46C25AC2F760030C60B /* Resources */ = {
			isa = PBXResourcesBuildPhase;
			buildActionMask = 2147483647;
			files = (
				D804F47925AC2F770030C60B /* Assets.xcassets in Resources */,
			);
			runOnlyForDeploymentPostprocessing = 0;
		};
		D8EDA34925061DE80045C7AE /* Resources */ = {
			isa = PBXResourcesBuildPhase;
			buildActionMask = 2147483647;
			files = (
				D8EDA35D25061DEB0045C7AE /* LaunchScreen.storyboard in Resources */,
				D831DB1E251148C60026AF1A /* CountriesDictionary.plist in Resources */,
				D8EDA35A25061DEB0045C7AE /* Assets.xcassets in Resources */,
				D80FCBAF25A6FB0900512A84 /* citiesMap.json in Resources */,
				D8EDA35825061DE80045C7AE /* Main.storyboard in Resources */,
			);
			runOnlyForDeploymentPostprocessing = 0;
		};
		D8EDA36125061DEB0045C7AE /* Resources */ = {
			isa = PBXResourcesBuildPhase;
			buildActionMask = 2147483647;
			files = (
			);
			runOnlyForDeploymentPostprocessing = 0;
		};
		D8EDA36C25061DEB0045C7AE /* Resources */ = {
			isa = PBXResourcesBuildPhase;
			buildActionMask = 2147483647;
			files = (
			);
			runOnlyForDeploymentPostprocessing = 0;
		};
/* End PBXResourcesBuildPhase section */

/* Begin PBXShellScriptBuildPhase section */
		56CD14546B2CF90B07E2FC08 /* [CP] Check Pods Manifest.lock */ = {
			isa = PBXShellScriptBuildPhase;
			buildActionMask = 2147483647;
			files = (
			);
			inputFileListPaths = (
			);
			inputPaths = (
				"${PODS_PODFILE_DIR_PATH}/Podfile.lock",
				"${PODS_ROOT}/Manifest.lock",
			);
			name = "[CP] Check Pods Manifest.lock";
			outputFileListPaths = (
			);
			outputPaths = (
				"$(DERIVED_FILE_DIR)/Pods-Quran and Namaz-checkManifestLockResult.txt",
			);
			runOnlyForDeploymentPostprocessing = 0;
			shellPath = /bin/sh;
			shellScript = "diff \"${PODS_PODFILE_DIR_PATH}/Podfile.lock\" \"${PODS_ROOT}/Manifest.lock\" > /dev/null\nif [ $? != 0 ] ; then\n    # print error to STDERR\n    echo \"error: The sandbox is not in sync with the Podfile.lock. Run 'pod install' or update your CocoaPods installation.\" >&2\n    exit 1\nfi\n# This output is used by Xcode 'outputs' to avoid re-running this script phase.\necho \"SUCCESS\" > \"${SCRIPT_OUTPUT_FILE_0}\"\n";
			showEnvVarsInLog = 0;
		};
		5A18A23BB8F8E167ABE783A8 /* [CP] Embed Pods Frameworks */ = {
			isa = PBXShellScriptBuildPhase;
			buildActionMask = 2147483647;
			files = (
			);
			inputFileListPaths = (
				"${PODS_ROOT}/Target Support Files/Pods-Quran and Namaz/Pods-Quran and Namaz-frameworks-${CONFIGURATION}-input-files.xcfilelist",
			);
			name = "[CP] Embed Pods Frameworks";
			outputFileListPaths = (
				"${PODS_ROOT}/Target Support Files/Pods-Quran and Namaz/Pods-Quran and Namaz-frameworks-${CONFIGURATION}-output-files.xcfilelist",
			);
			runOnlyForDeploymentPostprocessing = 0;
			shellPath = /bin/sh;
			shellScript = "\"${PODS_ROOT}/Target Support Files/Pods-Quran and Namaz/Pods-Quran and Namaz-frameworks.sh\"\n";
			showEnvVarsInLog = 0;
		};
		919AEBC5F486CFC2EAFA8F99 /* [CP] Check Pods Manifest.lock */ = {
			isa = PBXShellScriptBuildPhase;
			buildActionMask = 2147483647;
			files = (
			);
			inputFileListPaths = (
			);
			inputPaths = (
				"${PODS_PODFILE_DIR_PATH}/Podfile.lock",
				"${PODS_ROOT}/Manifest.lock",
			);
			name = "[CP] Check Pods Manifest.lock";
			outputFileListPaths = (
			);
			outputPaths = (
				"$(DERIVED_FILE_DIR)/Pods-Quran and Namaz-Quran and NamazUITests-checkManifestLockResult.txt",
			);
			runOnlyForDeploymentPostprocessing = 0;
			shellPath = /bin/sh;
			shellScript = "diff \"${PODS_PODFILE_DIR_PATH}/Podfile.lock\" \"${PODS_ROOT}/Manifest.lock\" > /dev/null\nif [ $? != 0 ] ; then\n    # print error to STDERR\n    echo \"error: The sandbox is not in sync with the Podfile.lock. Run 'pod install' or update your CocoaPods installation.\" >&2\n    exit 1\nfi\n# This output is used by Xcode 'outputs' to avoid re-running this script phase.\necho \"SUCCESS\" > \"${SCRIPT_OUTPUT_FILE_0}\"\n";
			showEnvVarsInLog = 0;
		};
		DE32705F6EBFDA9052CD4650 /* [CP] Embed Pods Frameworks */ = {
			isa = PBXShellScriptBuildPhase;
			buildActionMask = 2147483647;
			files = (
			);
			inputFileListPaths = (
				"${PODS_ROOT}/Target Support Files/Pods-Quran and Namaz-Quran and NamazUITests/Pods-Quran and Namaz-Quran and NamazUITests-frameworks-${CONFIGURATION}-input-files.xcfilelist",
			);
			name = "[CP] Embed Pods Frameworks";
			outputFileListPaths = (
				"${PODS_ROOT}/Target Support Files/Pods-Quran and Namaz-Quran and NamazUITests/Pods-Quran and Namaz-Quran and NamazUITests-frameworks-${CONFIGURATION}-output-files.xcfilelist",
			);
			runOnlyForDeploymentPostprocessing = 0;
			shellPath = /bin/sh;
			shellScript = "\"${PODS_ROOT}/Target Support Files/Pods-Quran and Namaz-Quran and NamazUITests/Pods-Quran and Namaz-Quran and NamazUITests-frameworks.sh\"\n";
			showEnvVarsInLog = 0;
		};
		E75A9F0ECF037B12F9F35BFB /* [CP] Check Pods Manifest.lock */ = {
			isa = PBXShellScriptBuildPhase;
			buildActionMask = 2147483647;
			files = (
			);
			inputFileListPaths = (
			);
			inputPaths = (
				"${PODS_PODFILE_DIR_PATH}/Podfile.lock",
				"${PODS_ROOT}/Manifest.lock",
			);
			name = "[CP] Check Pods Manifest.lock";
			outputFileListPaths = (
			);
			outputPaths = (
				"$(DERIVED_FILE_DIR)/Pods-Quran and NamazTests-checkManifestLockResult.txt",
			);
			runOnlyForDeploymentPostprocessing = 0;
			shellPath = /bin/sh;
			shellScript = "diff \"${PODS_PODFILE_DIR_PATH}/Podfile.lock\" \"${PODS_ROOT}/Manifest.lock\" > /dev/null\nif [ $? != 0 ] ; then\n    # print error to STDERR\n    echo \"error: The sandbox is not in sync with the Podfile.lock. Run 'pod install' or update your CocoaPods installation.\" >&2\n    exit 1\nfi\n# This output is used by Xcode 'outputs' to avoid re-running this script phase.\necho \"SUCCESS\" > \"${SCRIPT_OUTPUT_FILE_0}\"\n";
			showEnvVarsInLog = 0;
		};
		EC7557466980059C2A9396C7 /* [CP] Check Pods Manifest.lock */ = {
			isa = PBXShellScriptBuildPhase;
			buildActionMask = 2147483647;
			files = (
			);
			inputFileListPaths = (
			);
			inputPaths = (
				"${PODS_PODFILE_DIR_PATH}/Podfile.lock",
				"${PODS_ROOT}/Manifest.lock",
			);
			name = "[CP] Check Pods Manifest.lock";
			outputFileListPaths = (
			);
			outputPaths = (
				"$(DERIVED_FILE_DIR)/Pods-WidgetExtensionExtension-checkManifestLockResult.txt",
			);
			runOnlyForDeploymentPostprocessing = 0;
			shellPath = /bin/sh;
			shellScript = "diff \"${PODS_PODFILE_DIR_PATH}/Podfile.lock\" \"${PODS_ROOT}/Manifest.lock\" > /dev/null\nif [ $? != 0 ] ; then\n    # print error to STDERR\n    echo \"error: The sandbox is not in sync with the Podfile.lock. Run 'pod install' or update your CocoaPods installation.\" >&2\n    exit 1\nfi\n# This output is used by Xcode 'outputs' to avoid re-running this script phase.\necho \"SUCCESS\" > \"${SCRIPT_OUTPUT_FILE_0}\"\n";
			showEnvVarsInLog = 0;
		};
/* End PBXShellScriptBuildPhase section */

/* Begin PBXSourcesBuildPhase section */
		D804F46A25AC2F760030C60B /* Sources */ = {
			isa = PBXSourcesBuildPhase;
			buildActionMask = 2147483647;
			files = (
				D804F47B25AC2F770030C60B /* WidgetExtension.intentdefinition in Sources */,
				D804F47625AC2F760030C60B /* WidgetExtension.swift in Sources */,
			);
			runOnlyForDeploymentPostprocessing = 0;
		};
		D8EDA34725061DE80045C7AE /* Sources */ = {
			isa = PBXSourcesBuildPhase;
			buildActionMask = 2147483647;
			files = (
				D831DB0B2510A88A0026AF1A /* Madhab.swift in Sources */,
				D8AC48EF25EEBEF100FC6CC8 /* DateCell.swift in Sources */,
				D862E45C25B8A862008CDDC1 /* MonthMetadata.swift in Sources */,
				D8EDA35525061DE80045C7AE /* SecondViewController.swift in Sources */,
				D831DB052510A85B0026AF1A /* CalculationParameters.swift in Sources */,
				D80FCB8525A4DDDB00512A84 /* ToolbarControl.swift in Sources */,
				D8EDA35325061DE80045C7AE /* FirstViewController.swift in Sources */,
				D831DB092510A87C0026AF1A /* HighAltitudeRule.swift in Sources */,
				D831DAFD2510A6AE0026AF1A /* SolarTime.swift in Sources */,
				D831DAF72510A6590026AF1A /* LocationManager.swift in Sources */,
				D80FCB8F25A60F9200512A84 /* SearchViewController.swift in Sources */,
				D804F47C25AC2F770030C60B /* WidgetExtension.intentdefinition in Sources */,
				D831DB1C2510AF500026AF1A /* Sunnah.swift in Sources */,
				D831DB012510A77D0026AF1A /* MathUtilities.swift in Sources */,
				D862E46625B8A883008CDDC1 /* Day.swift in Sources */,
				D831DB132510A8CD0026AF1A /* Minute.swift in Sources */,
				D831DB0F2510A8AD0026AF1A /* PrayerAdjustment.swift in Sources */,
				D831DAF92510A6830026AF1A /* Astronomical.swift in Sources */,
				D80FCBA725A65BF100512A84 /* CustomSearchBar.swift in Sources */,
				D831DB032510A8420026AF1A /* CalculationMethod.swift in Sources */,
				CE7AAD5125B03C0600EC8036 /* CalculationCountryMap.swift in Sources */,
				D80FCB9725A65BA800512A84 /* CustomSearchController.swift in Sources */,
				CE1DA1B325B7FB23002A6FEF /* ThirdViewController.swift in Sources */,
				D831DB0D2510A8940026AF1A /* Prayer.swift in Sources */,
				D831DB182510AF0A0026AF1A /* PrayerTimes.swift in Sources */,
				D8AC48DE25EEBB2A00FC6CC8 /* CalendarViewController.swift in Sources */,
				D8EDA34F25061DE80045C7AE /* AppDelegate.swift in Sources */,
				D831DB1A2510AF340026AF1A /* Qibla.swift in Sources */,
				D831DB112510A8C00026AF1A /* Angle.swift in Sources */,
				D831DB072510A8680026AF1A /* Coordinates.swift in Sources */,
				D831DAFF2510A76D0026AF1A /* DateUtilities.swift in Sources */,
				D8EDA35125061DE80045C7AE /* SceneDelegate.swift in Sources */,
				CE1DA1AD25B7F6DB002A6FEF /* QiblaDirectionManager.swift in Sources */,
				D872EC1225A21E2C0090D946 /* CustomPickerView.swift in Sources */,
				D8AC48EE25EEBEF100FC6CC8 /* DateHeader.swift in Sources */,
				D831DB162510AEDF0026AF1A /* Adhan.swift in Sources */,
				D831DAFB2510A6990026AF1A /* SolarCoordinates.swift in Sources */,
				CE6B75B925AD906B00BD45B9 /* MyTabBarController.swift in Sources */,
			);
			runOnlyForDeploymentPostprocessing = 0;
		};
		D8EDA35F25061DEB0045C7AE /* Sources */ = {
			isa = PBXSourcesBuildPhase;
			buildActionMask = 2147483647;
			files = (
				D8EDA36825061DEB0045C7AE /* Quran_and_NamazTests.swift in Sources */,
			);
			runOnlyForDeploymentPostprocessing = 0;
		};
		D8EDA36A25061DEB0045C7AE /* Sources */ = {
			isa = PBXSourcesBuildPhase;
			buildActionMask = 2147483647;
			files = (
				D8EDA37325061DEB0045C7AE /* Quran_and_NamazUITests.swift in Sources */,
			);
			runOnlyForDeploymentPostprocessing = 0;
		};
/* End PBXSourcesBuildPhase section */

/* Begin PBXTargetDependency section */
		D804F47E25AC2F770030C60B /* PBXTargetDependency */ = {
			isa = PBXTargetDependency;
			target = D804F46D25AC2F760030C60B /* WidgetExtensionExtension */;
			targetProxy = D804F47D25AC2F770030C60B /* PBXContainerItemProxy */;
		};
		D8EDA36525061DEB0045C7AE /* PBXTargetDependency */ = {
			isa = PBXTargetDependency;
			target = D8EDA34A25061DE80045C7AE /* Quran and Namaz */;
			targetProxy = D8EDA36425061DEB0045C7AE /* PBXContainerItemProxy */;
		};
		D8EDA37025061DEB0045C7AE /* PBXTargetDependency */ = {
			isa = PBXTargetDependency;
			target = D8EDA34A25061DE80045C7AE /* Quran and Namaz */;
			targetProxy = D8EDA36F25061DEB0045C7AE /* PBXContainerItemProxy */;
		};
/* End PBXTargetDependency section */

/* Begin PBXVariantGroup section */
		D8EDA35625061DE80045C7AE /* Main.storyboard */ = {
			isa = PBXVariantGroup;
			children = (
				D8EDA35725061DE80045C7AE /* Base */,
			);
			name = Main.storyboard;
			sourceTree = "<group>";
		};
		D8EDA35B25061DEB0045C7AE /* LaunchScreen.storyboard */ = {
			isa = PBXVariantGroup;
			children = (
				D8EDA35C25061DEB0045C7AE /* Base */,
			);
			name = LaunchScreen.storyboard;
			sourceTree = "<group>";
		};
/* End PBXVariantGroup section */

/* Begin XCBuildConfiguration section */
		D804F48125AC2F770030C60B /* Debug */ = {
			isa = XCBuildConfiguration;
			baseConfigurationReference = 151ABD26930E25CB5ECBF922 /* Pods-WidgetExtensionExtension.debug.xcconfig */;
			buildSettings = {
				ASSETCATALOG_COMPILER_GLOBAL_ACCENT_COLOR_NAME = AccentColor;
				ASSETCATALOG_COMPILER_WIDGET_BACKGROUND_COLOR_NAME = WidgetBackground;
				CLANG_WARN_QUOTED_INCLUDE_IN_FRAMEWORK_HEADER = YES;
				CODE_SIGN_STYLE = Automatic;
				DEVELOPMENT_TEAM = S62GQETD5W;
				INFOPLIST_FILE = WidgetExtension/Info.plist;
				IPHONEOS_DEPLOYMENT_TARGET = 14.2;
				LD_RUNPATH_SEARCH_PATHS = (
					"$(inherited)",
					"@executable_path/Frameworks",
					"@executable_path/../../Frameworks",
				);
				PRODUCT_BUNDLE_IDENTIFIER = "com.anaskhurshid..Quran-and-Namaz.WidgetExtension";
				PRODUCT_NAME = "$(TARGET_NAME)";
				SKIP_INSTALL = YES;
				SWIFT_VERSION = 5.0;
				TARGETED_DEVICE_FAMILY = "1,2";
			};
			name = Debug;
		};
		D804F48225AC2F770030C60B /* Release */ = {
			isa = XCBuildConfiguration;
			baseConfigurationReference = FF25B8A13B0636C428C6C4A3 /* Pods-WidgetExtensionExtension.release.xcconfig */;
			buildSettings = {
				ASSETCATALOG_COMPILER_GLOBAL_ACCENT_COLOR_NAME = AccentColor;
				ASSETCATALOG_COMPILER_WIDGET_BACKGROUND_COLOR_NAME = WidgetBackground;
				CLANG_WARN_QUOTED_INCLUDE_IN_FRAMEWORK_HEADER = YES;
				CODE_SIGN_STYLE = Automatic;
				DEVELOPMENT_TEAM = S62GQETD5W;
				INFOPLIST_FILE = WidgetExtension/Info.plist;
				IPHONEOS_DEPLOYMENT_TARGET = 14.2;
				LD_RUNPATH_SEARCH_PATHS = (
					"$(inherited)",
					"@executable_path/Frameworks",
					"@executable_path/../../Frameworks",
				);
				PRODUCT_BUNDLE_IDENTIFIER = "com.anaskhurshid..Quran-and-Namaz.WidgetExtension";
				PRODUCT_NAME = "$(TARGET_NAME)";
				SKIP_INSTALL = YES;
				SWIFT_VERSION = 5.0;
				TARGETED_DEVICE_FAMILY = "1,2";
			};
			name = Release;
		};
		D8EDA37525061DEB0045C7AE /* Debug */ = {
			isa = XCBuildConfiguration;
			buildSettings = {
				ALWAYS_SEARCH_USER_PATHS = NO;
				CLANG_ANALYZER_NONNULL = YES;
				CLANG_ANALYZER_NUMBER_OBJECT_CONVERSION = YES_AGGRESSIVE;
				CLANG_CXX_LANGUAGE_STANDARD = "gnu++14";
				CLANG_CXX_LIBRARY = "libc++";
				CLANG_ENABLE_MODULES = YES;
				CLANG_ENABLE_OBJC_ARC = YES;
				CLANG_ENABLE_OBJC_WEAK = YES;
				CLANG_WARN_BLOCK_CAPTURE_AUTORELEASING = YES;
				CLANG_WARN_BOOL_CONVERSION = YES;
				CLANG_WARN_COMMA = YES;
				CLANG_WARN_CONSTANT_CONVERSION = YES;
				CLANG_WARN_DEPRECATED_OBJC_IMPLEMENTATIONS = YES;
				CLANG_WARN_DIRECT_OBJC_ISA_USAGE = YES_ERROR;
				CLANG_WARN_DOCUMENTATION_COMMENTS = YES;
				CLANG_WARN_EMPTY_BODY = YES;
				CLANG_WARN_ENUM_CONVERSION = YES;
				CLANG_WARN_INFINITE_RECURSION = YES;
				CLANG_WARN_INT_CONVERSION = YES;
				CLANG_WARN_NON_LITERAL_NULL_CONVERSION = YES;
				CLANG_WARN_OBJC_IMPLICIT_RETAIN_SELF = YES;
				CLANG_WARN_OBJC_LITERAL_CONVERSION = YES;
				CLANG_WARN_OBJC_ROOT_CLASS = YES_ERROR;
				CLANG_WARN_RANGE_LOOP_ANALYSIS = YES;
				CLANG_WARN_STRICT_PROTOTYPES = YES;
				CLANG_WARN_SUSPICIOUS_MOVE = YES;
				CLANG_WARN_UNGUARDED_AVAILABILITY = YES_AGGRESSIVE;
				CLANG_WARN_UNREACHABLE_CODE = YES;
				CLANG_WARN__DUPLICATE_METHOD_MATCH = YES;
				COPY_PHASE_STRIP = NO;
				DEBUG_INFORMATION_FORMAT = dwarf;
				ENABLE_STRICT_OBJC_MSGSEND = YES;
				ENABLE_TESTABILITY = YES;
				GCC_C_LANGUAGE_STANDARD = gnu11;
				GCC_DYNAMIC_NO_PIC = NO;
				GCC_NO_COMMON_BLOCKS = YES;
				GCC_OPTIMIZATION_LEVEL = 0;
				GCC_PREPROCESSOR_DEFINITIONS = (
					"DEBUG=1",
					"$(inherited)",
				);
				GCC_WARN_64_TO_32_BIT_CONVERSION = YES;
				GCC_WARN_ABOUT_RETURN_TYPE = YES_ERROR;
				GCC_WARN_UNDECLARED_SELECTOR = YES;
				GCC_WARN_UNINITIALIZED_AUTOS = YES_AGGRESSIVE;
				GCC_WARN_UNUSED_FUNCTION = YES;
				GCC_WARN_UNUSED_VARIABLE = YES;
				IPHONEOS_DEPLOYMENT_TARGET = 13.7;
				MTL_ENABLE_DEBUG_INFO = INCLUDE_SOURCE;
				MTL_FAST_MATH = YES;
				ONLY_ACTIVE_ARCH = YES;
				SDKROOT = iphoneos;
				SWIFT_ACTIVE_COMPILATION_CONDITIONS = DEBUG;
				SWIFT_OPTIMIZATION_LEVEL = "-Onone";
			};
			name = Debug;
		};
		D8EDA37625061DEB0045C7AE /* Release */ = {
			isa = XCBuildConfiguration;
			buildSettings = {
				ALWAYS_SEARCH_USER_PATHS = NO;
				CLANG_ANALYZER_NONNULL = YES;
				CLANG_ANALYZER_NUMBER_OBJECT_CONVERSION = YES_AGGRESSIVE;
				CLANG_CXX_LANGUAGE_STANDARD = "gnu++14";
				CLANG_CXX_LIBRARY = "libc++";
				CLANG_ENABLE_MODULES = YES;
				CLANG_ENABLE_OBJC_ARC = YES;
				CLANG_ENABLE_OBJC_WEAK = YES;
				CLANG_WARN_BLOCK_CAPTURE_AUTORELEASING = YES;
				CLANG_WARN_BOOL_CONVERSION = YES;
				CLANG_WARN_COMMA = YES;
				CLANG_WARN_CONSTANT_CONVERSION = YES;
				CLANG_WARN_DEPRECATED_OBJC_IMPLEMENTATIONS = YES;
				CLANG_WARN_DIRECT_OBJC_ISA_USAGE = YES_ERROR;
				CLANG_WARN_DOCUMENTATION_COMMENTS = YES;
				CLANG_WARN_EMPTY_BODY = YES;
				CLANG_WARN_ENUM_CONVERSION = YES;
				CLANG_WARN_INFINITE_RECURSION = YES;
				CLANG_WARN_INT_CONVERSION = YES;
				CLANG_WARN_NON_LITERAL_NULL_CONVERSION = YES;
				CLANG_WARN_OBJC_IMPLICIT_RETAIN_SELF = YES;
				CLANG_WARN_OBJC_LITERAL_CONVERSION = YES;
				CLANG_WARN_OBJC_ROOT_CLASS = YES_ERROR;
				CLANG_WARN_RANGE_LOOP_ANALYSIS = YES;
				CLANG_WARN_STRICT_PROTOTYPES = YES;
				CLANG_WARN_SUSPICIOUS_MOVE = YES;
				CLANG_WARN_UNGUARDED_AVAILABILITY = YES_AGGRESSIVE;
				CLANG_WARN_UNREACHABLE_CODE = YES;
				CLANG_WARN__DUPLICATE_METHOD_MATCH = YES;
				COPY_PHASE_STRIP = NO;
				DEBUG_INFORMATION_FORMAT = "dwarf-with-dsym";
				ENABLE_NS_ASSERTIONS = NO;
				ENABLE_STRICT_OBJC_MSGSEND = YES;
				GCC_C_LANGUAGE_STANDARD = gnu11;
				GCC_NO_COMMON_BLOCKS = YES;
				GCC_WARN_64_TO_32_BIT_CONVERSION = YES;
				GCC_WARN_ABOUT_RETURN_TYPE = YES_ERROR;
				GCC_WARN_UNDECLARED_SELECTOR = YES;
				GCC_WARN_UNINITIALIZED_AUTOS = YES_AGGRESSIVE;
				GCC_WARN_UNUSED_FUNCTION = YES;
				GCC_WARN_UNUSED_VARIABLE = YES;
				IPHONEOS_DEPLOYMENT_TARGET = 13.7;
				MTL_ENABLE_DEBUG_INFO = NO;
				MTL_FAST_MATH = YES;
				SDKROOT = iphoneos;
				SWIFT_COMPILATION_MODE = wholemodule;
				SWIFT_OPTIMIZATION_LEVEL = "-O";
				VALIDATE_PRODUCT = YES;
			};
			name = Release;
		};
		D8EDA37825061DEB0045C7AE /* Debug */ = {
			isa = XCBuildConfiguration;
			baseConfigurationReference = 6AB8E0964422D81D791BA667 /* Pods-Quran and Namaz.debug.xcconfig */;
			buildSettings = {
				ALWAYS_EMBED_SWIFT_STANDARD_LIBRARIES = YES;
				ASSETCATALOG_COMPILER_APPICON_NAME = AppIcon;
				CODE_SIGN_ENTITLEMENTS = "Quran and Namaz/Quran and Namaz.entitlements";
				CODE_SIGN_STYLE = Automatic;
				DEVELOPMENT_TEAM = S62GQETD5W;
				INFOPLIST_FILE = "Quran and Namaz/Info.plist";
				LD_RUNPATH_SEARCH_PATHS = (
					"$(inherited)",
					"@executable_path/Frameworks",
				);
				MARKETING_VERSION = 1.0.3;
				PRODUCT_BUNDLE_IDENTIFIER = "com.anaskhurshid..Quran-and-Namaz";
				PRODUCT_NAME = "$(TARGET_NAME)";
				SWIFT_VERSION = 5.0;
				TARGETED_DEVICE_FAMILY = "1,2";
			};
			name = Debug;
		};
		D8EDA37925061DEB0045C7AE /* Release */ = {
			isa = XCBuildConfiguration;
			baseConfigurationReference = BBD11B734C872AFE443C2A9F /* Pods-Quran and Namaz.release.xcconfig */;
			buildSettings = {
				ALWAYS_EMBED_SWIFT_STANDARD_LIBRARIES = YES;
				ASSETCATALOG_COMPILER_APPICON_NAME = AppIcon;
				CODE_SIGN_ENTITLEMENTS = "Quran and Namaz/Quran and Namaz.entitlements";
				CODE_SIGN_STYLE = Automatic;
				DEVELOPMENT_TEAM = S62GQETD5W;
				INFOPLIST_FILE = "Quran and Namaz/Info.plist";
				LD_RUNPATH_SEARCH_PATHS = (
					"$(inherited)",
					"@executable_path/Frameworks",
				);
				MARKETING_VERSION = 1.0.3;
				PRODUCT_BUNDLE_IDENTIFIER = "com.anaskhurshid..Quran-and-Namaz";
				PRODUCT_NAME = "$(TARGET_NAME)";
				SWIFT_VERSION = 5.0;
				TARGETED_DEVICE_FAMILY = "1,2";
			};
			name = Release;
		};
		D8EDA37B25061DEB0045C7AE /* Debug */ = {
			isa = XCBuildConfiguration;
			baseConfigurationReference = 3D2E5DB74C3220332DEC2071 /* Pods-Quran and NamazTests.debug.xcconfig */;
			buildSettings = {
				ALWAYS_EMBED_SWIFT_STANDARD_LIBRARIES = YES;
				BUNDLE_LOADER = "$(TEST_HOST)";
				CODE_SIGN_STYLE = Automatic;
				DEVELOPMENT_TEAM = S62GQETD5W;
				INFOPLIST_FILE = "Quran and NamazTests/Info.plist";
				IPHONEOS_DEPLOYMENT_TARGET = 13.7;
				LD_RUNPATH_SEARCH_PATHS = (
					"$(inherited)",
					"@executable_path/Frameworks",
					"@loader_path/Frameworks",
				);
				PRODUCT_BUNDLE_IDENTIFIER = "com.anaskhurshid..Quran-and-NamazTests";
				PRODUCT_NAME = "$(TARGET_NAME)";
				SWIFT_VERSION = 5.0;
				TARGETED_DEVICE_FAMILY = "1,2";
				TEST_HOST = "$(BUILT_PRODUCTS_DIR)/Quran and Namaz.app/Quran and Namaz";
			};
			name = Debug;
		};
		D8EDA37C25061DEB0045C7AE /* Release */ = {
			isa = XCBuildConfiguration;
			baseConfigurationReference = E15163DF6AC82E70AED2D765 /* Pods-Quran and NamazTests.release.xcconfig */;
			buildSettings = {
				ALWAYS_EMBED_SWIFT_STANDARD_LIBRARIES = YES;
				BUNDLE_LOADER = "$(TEST_HOST)";
				CODE_SIGN_STYLE = Automatic;
				DEVELOPMENT_TEAM = S62GQETD5W;
				INFOPLIST_FILE = "Quran and NamazTests/Info.plist";
				IPHONEOS_DEPLOYMENT_TARGET = 13.7;
				LD_RUNPATH_SEARCH_PATHS = (
					"$(inherited)",
					"@executable_path/Frameworks",
					"@loader_path/Frameworks",
				);
				PRODUCT_BUNDLE_IDENTIFIER = "com.anaskhurshid..Quran-and-NamazTests";
				PRODUCT_NAME = "$(TARGET_NAME)";
				SWIFT_VERSION = 5.0;
				TARGETED_DEVICE_FAMILY = "1,2";
				TEST_HOST = "$(BUILT_PRODUCTS_DIR)/Quran and Namaz.app/Quran and Namaz";
			};
			name = Release;
		};
		D8EDA37E25061DEB0045C7AE /* Debug */ = {
			isa = XCBuildConfiguration;
			baseConfigurationReference = 7875579B96F888ADE50CB1A6 /* Pods-Quran and Namaz-Quran and NamazUITests.debug.xcconfig */;
			buildSettings = {
				ALWAYS_EMBED_SWIFT_STANDARD_LIBRARIES = YES;
				CODE_SIGN_STYLE = Automatic;
				DEVELOPMENT_TEAM = S62GQETD5W;
				INFOPLIST_FILE = "Quran and NamazUITests/Info.plist";
				LD_RUNPATH_SEARCH_PATHS = (
					"$(inherited)",
					"@executable_path/Frameworks",
					"@loader_path/Frameworks",
				);
				PRODUCT_BUNDLE_IDENTIFIER = "com.anaskhurshid..Quran-and-NamazUITests";
				PRODUCT_NAME = "$(TARGET_NAME)";
				SWIFT_VERSION = 5.0;
				TARGETED_DEVICE_FAMILY = "1,2";
				TEST_TARGET_NAME = "Quran and Namaz";
			};
			name = Debug;
		};
		D8EDA37F25061DEB0045C7AE /* Release */ = {
			isa = XCBuildConfiguration;
			baseConfigurationReference = 0855CB0FC60A587E1A3BDAE8 /* Pods-Quran and Namaz-Quran and NamazUITests.release.xcconfig */;
			buildSettings = {
				ALWAYS_EMBED_SWIFT_STANDARD_LIBRARIES = YES;
				CODE_SIGN_STYLE = Automatic;
				DEVELOPMENT_TEAM = S62GQETD5W;
				INFOPLIST_FILE = "Quran and NamazUITests/Info.plist";
				LD_RUNPATH_SEARCH_PATHS = (
					"$(inherited)",
					"@executable_path/Frameworks",
					"@loader_path/Frameworks",
				);
				PRODUCT_BUNDLE_IDENTIFIER = "com.anaskhurshid..Quran-and-NamazUITests";
				PRODUCT_NAME = "$(TARGET_NAME)";
				SWIFT_VERSION = 5.0;
				TARGETED_DEVICE_FAMILY = "1,2";
				TEST_TARGET_NAME = "Quran and Namaz";
			};
			name = Release;
		};
/* End XCBuildConfiguration section */

/* Begin XCConfigurationList section */
		D804F48325AC2F770030C60B /* Build configuration list for PBXNativeTarget "WidgetExtensionExtension" */ = {
			isa = XCConfigurationList;
			buildConfigurations = (
				D804F48125AC2F770030C60B /* Debug */,
				D804F48225AC2F770030C60B /* Release */,
			);
			defaultConfigurationIsVisible = 0;
			defaultConfigurationName = Release;
		};
		D8EDA34625061DE80045C7AE /* Build configuration list for PBXProject "Quran and Namaz" */ = {
			isa = XCConfigurationList;
			buildConfigurations = (
				D8EDA37525061DEB0045C7AE /* Debug */,
				D8EDA37625061DEB0045C7AE /* Release */,
			);
			defaultConfigurationIsVisible = 0;
			defaultConfigurationName = Release;
		};
		D8EDA37725061DEB0045C7AE /* Build configuration list for PBXNativeTarget "Quran and Namaz" */ = {
			isa = XCConfigurationList;
			buildConfigurations = (
				D8EDA37825061DEB0045C7AE /* Debug */,
				D8EDA37925061DEB0045C7AE /* Release */,
			);
			defaultConfigurationIsVisible = 0;
			defaultConfigurationName = Release;
		};
		D8EDA37A25061DEB0045C7AE /* Build configuration list for PBXNativeTarget "Quran and NamazTests" */ = {
			isa = XCConfigurationList;
			buildConfigurations = (
				D8EDA37B25061DEB0045C7AE /* Debug */,
				D8EDA37C25061DEB0045C7AE /* Release */,
			);
			defaultConfigurationIsVisible = 0;
			defaultConfigurationName = Release;
		};
		D8EDA37D25061DEB0045C7AE /* Build configuration list for PBXNativeTarget "Quran and NamazUITests" */ = {
			isa = XCConfigurationList;
			buildConfigurations = (
				D8EDA37E25061DEB0045C7AE /* Debug */,
				D8EDA37F25061DEB0045C7AE /* Release */,
			);
			defaultConfigurationIsVisible = 0;
			defaultConfigurationName = Release;
		};
/* End XCConfigurationList section */
	};
	rootObject = D8EDA34325061DE80045C7AE /* Project object */;
}
